// !$*UTF8*$!
{
	archiveVersion = 1;
	classes = {
	};
	objectVersion = 56;
	objects = {

/* Begin PBXBuildFile section */
		5D010D4529A00AA40091F0B2 /* SwiftUI_MapAppApp.swift in Sources */ = {isa = PBXBuildFile; fileRef = 5D010D4429A00AA40091F0B2 /* SwiftUI_MapAppApp.swift */; };
		5D010D4729A00AA40091F0B2 /* ContentView.swift in Sources */ = {isa = PBXBuildFile; fileRef = 5D010D4629A00AA40091F0B2 /* ContentView.swift */; };
		5D010D4C29A00AA40091F0B2 /* Preview Assets.xcassets in Resources */ = {isa = PBXBuildFile; fileRef = 5D010D4B29A00AA40091F0B2 /* Preview Assets.xcassets */; };
		5D010D5329A00B540091F0B2 /* Assets.xcassets in Resources */ = {isa = PBXBuildFile; fileRef = 5D010D5229A00B540091F0B2 /* Assets.xcassets */; };
		5D010D5829A00BF90091F0B2 /* location.swift in Sources */ = {isa = PBXBuildFile; fileRef = 5D010D5729A00BF90091F0B2 /* location.swift */; };
		5D2FC7B529A2A14A00EE033B /* LocationsListView.swift in Sources */ = {isa = PBXBuildFile; fileRef = 5D2FC7B429A2A14A00EE033B /* LocationsListView.swift */; };
		5D4CC3FC29A4B33E00CEB568 /* MapAnnotationView.swift in Sources */ = {isa = PBXBuildFile; fileRef = 5D4CC3FB29A4B33E00CEB568 /* MapAnnotationView.swift */; };
		5DB5D90929A3FE1F00C898AD /* LocationPreviewView.swift in Sources */ = {isa = PBXBuildFile; fileRef = 5DB5D90829A3FE1F00C898AD /* LocationPreviewView.swift */; };
		5DD8E3D429A00CE4002AF64D /* LocationsDataService.swift in Sources */ = {isa = PBXBuildFile; fileRef = 5DD8E3D329A00CE4002AF64D /* LocationsDataService.swift */; };
		5DD8E3D629A00D9C002AF64D /* LocationsView.swift in Sources */ = {isa = PBXBuildFile; fileRef = 5DD8E3D529A00D9C002AF64D /* LocationsView.swift */; };
		5DD8E3D829A00FB5002AF64D /* LocationsViewModel.swift in Sources */ = {isa = PBXBuildFile; fileRef = 5DD8E3D729A00FB5002AF64D /* LocationsViewModel.swift */; };
/* End PBXBuildFile section */

/* Begin PBXFileReference section */
		5D010D4129A00AA40091F0B2 /* SwiftUI-MapApp.app */ = {isa = PBXFileReference; explicitFileType = wrapper.application; includeInIndex = 0; path = "SwiftUI-MapApp.app"; sourceTree = BUILT_PRODUCTS_DIR; };
		5D010D4429A00AA40091F0B2 /* SwiftUI_MapAppApp.swift */ = {isa = PBXFileReference; lastKnownFileType = sourcecode.swift; path = SwiftUI_MapAppApp.swift; sourceTree = "<group>"; };
		5D010D4629A00AA40091F0B2 /* ContentView.swift */ = {isa = PBXFileReference; lastKnownFileType = sourcecode.swift; path = ContentView.swift; sourceTree = "<group>"; };
		5D010D4B29A00AA40091F0B2 /* Preview Assets.xcassets */ = {isa = PBXFileReference; lastKnownFileType = folder.assetcatalog; path = "Preview Assets.xcassets"; sourceTree = "<group>"; };
		5D010D5229A00B540091F0B2 /* Assets.xcassets */ = {isa = PBXFileReference; lastKnownFileType = folder.assetcatalog; path = Assets.xcassets; sourceTree = "<group>"; };
		5D010D5729A00BF90091F0B2 /* location.swift */ = {isa = PBXFileReference; lastKnownFileType = sourcecode.swift; path = location.swift; sourceTree = "<group>"; };
		5D2FC7B429A2A14A00EE033B /* LocationsListView.swift */ = {isa = PBXFileReference; lastKnownFileType = sourcecode.swift; path = LocationsListView.swift; sourceTree = "<group>"; };
		5D4CC3FB29A4B33E00CEB568 /* MapAnnotationView.swift */ = {isa = PBXFileReference; lastKnownFileType = sourcecode.swift; path = MapAnnotationView.swift; sourceTree = "<group>"; };
		5DB5D90829A3FE1F00C898AD /* LocationPreviewView.swift */ = {isa = PBXFileReference; lastKnownFileType = sourcecode.swift; path = LocationPreviewView.swift; sourceTree = "<group>"; };
		5DD8E3D329A00CE4002AF64D /* LocationsDataService.swift */ = {isa = PBXFileReference; fileEncoding = 4; lastKnownFileType = sourcecode.swift; path = LocationsDataService.swift; sourceTree = "<group>"; };
		5DD8E3D529A00D9C002AF64D /* LocationsView.swift */ = {isa = PBXFileReference; lastKnownFileType = sourcecode.swift; path = LocationsView.swift; sourceTree = "<group>"; };
		5DD8E3D729A00FB5002AF64D /* LocationsViewModel.swift */ = {isa = PBXFileReference; lastKnownFileType = sourcecode.swift; path = LocationsViewModel.swift; sourceTree = "<group>"; };
/* End PBXFileReference section */

/* Begin PBXFrameworksBuildPhase section */
		5D010D3E29A00AA40091F0B2 /* Frameworks */ = {
			isa = PBXFrameworksBuildPhase;
			buildActionMask = 2147483647;
			files = (
			);
			runOnlyForDeploymentPostprocessing = 0;
		};
/* End PBXFrameworksBuildPhase section */

/* Begin PBXGroup section */
		5D010D3829A00AA40091F0B2 = {
			isa = PBXGroup;
			children = (
				5D010D4329A00AA40091F0B2 /* SwiftUI-MapApp */,
				5D010D4229A00AA40091F0B2 /* Products */,
			);
			sourceTree = "<group>";
		};
		5D010D4229A00AA40091F0B2 /* Products */ = {
			isa = PBXGroup;
			children = (
				5D010D4129A00AA40091F0B2 /* SwiftUI-MapApp.app */,
			);
			name = Products;
			sourceTree = "<group>";
		};
		5D010D4329A00AA40091F0B2 /* SwiftUI-MapApp */ = {
			isa = PBXGroup;
			children = (
				5DD8E3D229A00CC8002AF64D /* DataServices */,
				5D010D5629A00BD90091F0B2 /* ViewModel */,
				5D010D5529A00BD40091F0B2 /* View */,
				5D010D5429A00BCD0091F0B2 /* Model */,
				5D010D4429A00AA40091F0B2 /* SwiftUI_MapAppApp.swift */,
				5D010D4629A00AA40091F0B2 /* ContentView.swift */,
				5D010D5229A00B540091F0B2 /* Assets.xcassets */,
				5D010D4A29A00AA40091F0B2 /* Preview Content */,
			);
			path = "SwiftUI-MapApp";
			sourceTree = "<group>";
		};
		5D010D4A29A00AA40091F0B2 /* Preview Content */ = {
			isa = PBXGroup;
			children = (
				5D010D4B29A00AA40091F0B2 /* Preview Assets.xcassets */,
			);
			path = "Preview Content";
			sourceTree = "<group>";
		};
		5D010D5429A00BCD0091F0B2 /* Model */ = {
			isa = PBXGroup;
			children = (
				5D010D5729A00BF90091F0B2 /* location.swift */,
			);
			path = Model;
			sourceTree = "<group>";
		};
		5D010D5529A00BD40091F0B2 /* View */ = {
			isa = PBXGroup;
			children = (
				5DD8E3D529A00D9C002AF64D /* LocationsView.swift */,
				5D2FC7B429A2A14A00EE033B /* LocationsListView.swift */,
				5DB5D90829A3FE1F00C898AD /* LocationPreviewView.swift */,
				5D4CC3FB29A4B33E00CEB568 /* MapAnnotationView.swift */,
			);
			path = View;
			sourceTree = "<group>";
		};
		5D010D5629A00BD90091F0B2 /* ViewModel */ = {
			isa = PBXGroup;
			children = (
				5DD8E3D729A00FB5002AF64D /* LocationsViewModel.swift */,
			);
			path = ViewModel;
			sourceTree = "<group>";
		};
		5DD8E3D229A00CC8002AF64D /* DataServices */ = {
			isa = PBXGroup;
			children = (
				5DD8E3D329A00CE4002AF64D /* LocationsDataService.swift */,
			);
			path = DataServices;
			sourceTree = "<group>";
		};
/* End PBXGroup section */

/* Begin PBXNativeTarget section */
		5D010D4029A00AA40091F0B2 /* SwiftUI-MapApp */ = {
			isa = PBXNativeTarget;
			buildConfigurationList = 5D010D4F29A00AA40091F0B2 /* Build configuration list for PBXNativeTarget "SwiftUI-MapApp" */;
			buildPhases = (
				5D010D3D29A00AA40091F0B2 /* Sources */,
				5D010D3E29A00AA40091F0B2 /* Frameworks */,
				5D010D3F29A00AA40091F0B2 /* Resources */,
			);
			buildRules = (
			);
			dependencies = (
			);
			name = "SwiftUI-MapApp";
			productName = "SwiftUI-MapApp";
			productReference = 5D010D4129A00AA40091F0B2 /* SwiftUI-MapApp.app */;
			productType = "com.apple.product-type.application";
		};
/* End PBXNativeTarget section */

/* Begin PBXProject section */
		5D010D3929A00AA40091F0B2 /* Project object */ = {
			isa = PBXProject;
			attributes = {
				BuildIndependentTargetsInParallel = 1;
				LastSwiftUpdateCheck = 1420;
				LastUpgradeCheck = 1420;
				TargetAttributes = {
					5D010D4029A00AA40091F0B2 = {
						CreatedOnToolsVersion = 14.2;
					};
				};
			};
			buildConfigurationList = 5D010D3C29A00AA40091F0B2 /* Build configuration list for PBXProject "SwiftUI-MapApp" */;
			compatibilityVersion = "Xcode 14.0";
			developmentRegion = en;
			hasScannedForEncodings = 0;
			knownRegions = (
				en,
				Base,
			);
			mainGroup = 5D010D3829A00AA40091F0B2;
			productRefGroup = 5D010D4229A00AA40091F0B2 /* Products */;
			projectDirPath = "";
			projectRoot = "";
			targets = (
				5D010D4029A00AA40091F0B2 /* SwiftUI-MapApp */,
			);
		};
/* End PBXProject section */

/* Begin PBXResourcesBuildPhase section */
		5D010D3F29A00AA40091F0B2 /* Resources */ = {
			isa = PBXResourcesBuildPhase;
			buildActionMask = 2147483647;
			files = (
				5D010D5329A00B540091F0B2 /* Assets.xcassets in Resources */,
				5D010D4C29A00AA40091F0B2 /* Preview Assets.xcassets in Resources */,
			);
			runOnlyForDeploymentPostprocessing = 0;
		};
/* End PBXResourcesBuildPhase section */

/* Begin PBXSourcesBuildPhase section */
		5D010D3D29A00AA40091F0B2 /* Sources */ = {
			isa = PBXSourcesBuildPhase;
			buildActionMask = 2147483647;
			files = (
				5DD8E3D429A00CE4002AF64D /* LocationsDataService.swift in Sources */,
				5D2FC7B529A2A14A00EE033B /* LocationsListView.swift in Sources */,
				5DB5D90929A3FE1F00C898AD /* LocationPreviewView.swift in Sources */,
				5DD8E3D829A00FB5002AF64D /* LocationsViewModel.swift in Sources */,
				5D010D5829A00BF90091F0B2 /* location.swift in Sources */,
				5DD8E3D629A00D9C002AF64D /* LocationsView.swift in Sources */,
				5D4CC3FC29A4B33E00CEB568 /* MapAnnotationView.swift in Sources */,
				5D010D4729A00AA40091F0B2 /* ContentView.swift in Sources */,
				5D010D4529A00AA40091F0B2 /* SwiftUI_MapAppApp.swift in Sources */,
			);
			runOnlyForDeploymentPostprocessing = 0;
		};
/* End PBXSourcesBuildPhase section */

/* Begin XCBuildConfiguration section */
		5D010D4D29A00AA40091F0B2 /* Debug */ = {
			isa = XCBuildConfiguration;
			buildSettings = {
				ALWAYS_SEARCH_USER_PATHS = NO;
				CLANG_ANALYZER_NONNULL = YES;
				CLANG_ANALYZER_NUMBER_OBJECT_CONVERSION = YES_AGGRESSIVE;
				CLANG_CXX_LANGUAGE_STANDARD = "gnu++20";
				CLANG_ENABLE_MODULES = YES;
				CLANG_ENABLE_OBJC_ARC = YES;
				CLANG_ENABLE_OBJC_WEAK = YES;
				CLANG_WARN_BLOCK_CAPTURE_AUTORELEASING = YES;
				CLANG_WARN_BOOL_CONVERSION = YES;
				CLANG_WARN_COMMA = YES;
				CLANG_WARN_CONSTANT_CONVERSION = YES;
				CLANG_WARN_DEPRECATED_OBJC_IMPLEMENTATIONS = YES;
				CLANG_WARN_DIRECT_OBJC_ISA_USAGE = YES_ERROR;
				CLANG_WARN_DOCUMENTATION_COMMENTS = YES;
				CLANG_WARN_EMPTY_BODY = YES;
				CLANG_WARN_ENUM_CONVERSION = YES;
				CLANG_WARN_INFINITE_RECURSION = YES;
				CLANG_WARN_INT_CONVERSION = YES;
				CLANG_WARN_NON_LITERAL_NULL_CONVERSION = YES;
				CLANG_WARN_OBJC_IMPLICIT_RETAIN_SELF = YES;
				CLANG_WARN_OBJC_LITERAL_CONVERSION = YES;
				CLANG_WARN_OBJC_ROOT_CLASS = YES_ERROR;
				CLANG_WARN_QUOTED_INCLUDE_IN_FRAMEWORK_HEADER = YES;
				CLANG_WARN_RANGE_LOOP_ANALYSIS = YES;
				CLANG_WARN_STRICT_PROTOTYPES = YES;
				CLANG_WARN_SUSPICIOUS_MOVE = YES;
				CLANG_WARN_UNGUARDED_AVAILABILITY = YES_AGGRESSIVE;
				CLANG_WARN_UNREACHABLE_CODE = YES;
				CLANG_WARN__DUPLICATE_METHOD_MATCH = YES;
				COPY_PHASE_STRIP = NO;
				DEBUG_INFORMATION_FORMAT = dwarf;
				ENABLE_STRICT_OBJC_MSGSEND = YES;
				ENABLE_TESTABILITY = YES;
				GCC_C_LANGUAGE_STANDARD = gnu11;
				GCC_DYNAMIC_NO_PIC = NO;
				GCC_NO_COMMON_BLOCKS = YES;
				GCC_OPTIMIZATION_LEVEL = 0;
				GCC_PREPROCESSOR_DEFINITIONS = (
					"DEBUG=1",
					"$(inherited)",
				);
				GCC_WARN_64_TO_32_BIT_CONVERSION = YES;
				GCC_WARN_ABOUT_RETURN_TYPE = YES_ERROR;
				GCC_WARN_UNDECLARED_SELECTOR = YES;
				GCC_WARN_UNINITIALIZED_AUTOS = YES_AGGRESSIVE;
				GCC_WARN_UNUSED_FUNCTION = YES;
				GCC_WARN_UNUSED_VARIABLE = YES;
				IPHONEOS_DEPLOYMENT_TARGET = 16.2;
				MTL_ENABLE_DEBUG_INFO = INCLUDE_SOURCE;
				MTL_FAST_MATH = YES;
				ONLY_ACTIVE_ARCH = YES;
				SDKROOT = iphoneos;
				SWIFT_ACTIVE_COMPILATION_CONDITIONS = DEBUG;
				SWIFT_OPTIMIZATION_LEVEL = "-Onone";
			};
			name = Debug;
		};
		5D010D4E29A00AA40091F0B2 /* Release */ = {
			isa = XCBuildConfiguration;
			buildSettings = {
				ALWAYS_SEARCH_USER_PATHS = NO;
				CLANG_ANALYZER_NONNULL = YES;
				CLANG_ANALYZER_NUMBER_OBJECT_CONVERSION = YES_AGGRESSIVE;
				CLANG_CXX_LANGUAGE_STANDARD = "gnu++20";
				CLANG_ENABLE_MODULES = YES;
				CLANG_ENABLE_OBJC_ARC = YES;
				CLANG_ENABLE_OBJC_WEAK = YES;
				CLANG_WARN_BLOCK_CAPTURE_AUTORELEASING = YES;
				CLANG_WARN_BOOL_CONVERSION = YES;
				CLANG_WARN_COMMA = YES;
				CLANG_WARN_CONSTANT_CONVERSION = YES;
				CLANG_WARN_DEPRECATED_OBJC_IMPLEMENTATIONS = YES;
				CLANG_WARN_DIRECT_OBJC_ISA_USAGE = YES_ERROR;
				CLANG_WARN_DOCUMENTATION_COMMENTS = YES;
				CLANG_WARN_EMPTY_BODY = YES;
				CLANG_WARN_ENUM_CONVERSION = YES;
				CLANG_WARN_INFINITE_RECURSION = YES;
				CLANG_WARN_INT_CONVERSION = YES;
				CLANG_WARN_NON_LITERAL_NULL_CONVERSION = YES;
				CLANG_WARN_OBJC_IMPLICIT_RETAIN_SELF = YES;
				CLANG_WARN_OBJC_LITERAL_CONVERSION = YES;
				CLANG_WARN_OBJC_ROOT_CLASS = YES_ERROR;
				CLANG_WARN_QUOTED_INCLUDE_IN_FRAMEWORK_HEADER = YES;
				CLANG_WARN_RANGE_LOOP_ANALYSIS = YES;
				CLANG_WARN_STRICT_PROTOTYPES = YES;
				CLANG_WARN_SUSPICIOUS_MOVE = YES;
				CLANG_WARN_UNGUARDED_AVAILABILITY = YES_AGGRESSIVE;
				CLANG_WARN_UNREACHABLE_CODE = YES;
				CLANG_WARN__DUPLICATE_METHOD_MATCH = YES;
				COPY_PHASE_STRIP = NO;
				DEBUG_INFORMATION_FORMAT = "dwarf-with-dsym";
				ENABLE_NS_ASSERTIONS = NO;
				ENABLE_STRICT_OBJC_MSGSEND = YES;
				GCC_C_LANGUAGE_STANDARD = gnu11;
				GCC_NO_COMMON_BLOCKS = YES;
				GCC_WARN_64_TO_32_BIT_CONVERSION = YES;
				GCC_WARN_ABOUT_RETURN_TYPE = YES_ERROR;
				GCC_WARN_UNDECLARED_SELECTOR = YES;
				GCC_WARN_UNINITIALIZED_AUTOS = YES_AGGRESSIVE;
				GCC_WARN_UNUSED_FUNCTION = YES;
				GCC_WARN_UNUSED_VARIABLE = YES;
				IPHONEOS_DEPLOYMENT_TARGET = 16.2;
				MTL_ENABLE_DEBUG_INFO = NO;
				MTL_FAST_MATH = YES;
				SDKROOT = iphoneos;
				SWIFT_COMPILATION_MODE = wholemodule;
				SWIFT_OPTIMIZATION_LEVEL = "-O";
				VALIDATE_PRODUCT = YES;
			};
			name = Release;
		};
		5D010D5029A00AA40091F0B2 /* Debug */ = {
			isa = XCBuildConfiguration;
			buildSettings = {
				ASSETCATALOG_COMPILER_APPICON_NAME = AppIcon;
				ASSETCATALOG_COMPILER_GLOBAL_ACCENT_COLOR_NAME = AccentColor;
				CODE_SIGN_STYLE = Automatic;
				CURRENT_PROJECT_VERSION = 1;
				DEVELOPMENT_ASSET_PATHS = "\"SwiftUI-MapApp/Preview Content\"";
				DEVELOPMENT_TEAM = G4XLFMNW66;
				ENABLE_PREVIEWS = YES;
				GENERATE_INFOPLIST_FILE = YES;
				INFOPLIST_KEY_UIApplicationSceneManifest_Generation = YES;
				INFOPLIST_KEY_UIApplicationSupportsIndirectInputEvents = YES;
				INFOPLIST_KEY_UILaunchScreen_Generation = YES;
				INFOPLIST_KEY_UISupportedInterfaceOrientations_iPad = "UIInterfaceOrientationPortrait UIInterfaceOrientationPortraitUpsideDown UIInterfaceOrientationLandscapeLeft UIInterfaceOrientationLandscapeRight";
				INFOPLIST_KEY_UISupportedInterfaceOrientations_iPhone = "UIInterfaceOrientationPortrait UIInterfaceOrientationLandscapeLeft UIInterfaceOrientationLandscapeRight";
				LD_RUNPATH_SEARCH_PATHS = (
					"$(inherited)",
					"@executable_path/Frameworks",
				);
				MARKETING_VERSION = 1.0;
				PRODUCT_BUNDLE_IDENTIFIER = "com.PrashannaR.SwiftUI-MapApp";
				PRODUCT_NAME = "$(TARGET_NAME)";
				SWIFT_EMIT_LOC_STRINGS = YES;
				SWIFT_VERSION = 5.0;
				TARGETED_DEVICE_FAMILY = "1,2";
			};
			name = Debug;
		};
		5D010D5129A00AA40091F0B2 /* Release */ = {
			isa = XCBuildConfiguration;
			buildSettings = {
				ASSETCATALOG_COMPILER_APPICON_NAME = AppIcon;
				ASSETCATALOG_COMPILER_GLOBAL_ACCENT_COLOR_NAME = AccentColor;
				CODE_SIGN_STYLE = Automatic;
				CURRENT_PROJECT_VERSION = 1;
				DEVELOPMENT_ASSET_PATHS = "\"SwiftUI-MapApp/Preview Content\"";
				DEVELOPMENT_TEAM = G4XLFMNW66;
				ENABLE_PREVIEWS = YES;
				GENERATE_INFOPLIST_FILE = YES;
				INFOPLIST_KEY_UIApplicationSceneManifest_Generation = YES;
				INFOPLIST_KEY_UIApplicationSupportsIndirectInputEvents = YES;
				INFOPLIST_KEY_UILaunchScreen_Generation = YES;
				INFOPLIST_KEY_UISupportedInterfaceOrientations_iPad = "UIInterfaceOrientationPortrait UIInterfaceOrientationPortraitUpsideDown UIInterfaceOrientationLandscapeLeft UIInterfaceOrientationLandscapeRight";
				INFOPLIST_KEY_UISupportedInterfaceOrientations_iPhone = "UIInterfaceOrientationPortrait UIInterfaceOrientationLandscapeLeft UIInterfaceOrientationLandscapeRight";
				LD_RUNPATH_SEARCH_PATHS = (
					"$(inherited)",
					"@executable_path/Frameworks",
				);
				MARKETING_VERSION = 1.0;
				PRODUCT_BUNDLE_IDENTIFIER = "com.PrashannaR.SwiftUI-MapApp";
				PRODUCT_NAME = "$(TARGET_NAME)";
				SWIFT_EMIT_LOC_STRINGS = YES;
				SWIFT_VERSION = 5.0;
				TARGETED_DEVICE_FAMILY = "1,2";
			};
			name = Release;
		};
/* End XCBuildConfiguration section */

/* Begin XCConfigurationList section */
		5D010D3C29A00AA40091F0B2 /* Build configuration list for PBXProject "SwiftUI-MapApp" */ = {
			isa = XCConfigurationList;
			buildConfigurations = (
				5D010D4D29A00AA40091F0B2 /* Debug */,
				5D010D4E29A00AA40091F0B2 /* Release */,
			);
			defaultConfigurationIsVisible = 0;
			defaultConfigurationName = Release;
		};
		5D010D4F29A00AA40091F0B2 /* Build configuration list for PBXNativeTarget "SwiftUI-MapApp" */ = {
			isa = XCConfigurationList;
			buildConfigurations = (
				5D010D5029A00AA40091F0B2 /* Debug */,
				5D010D5129A00AA40091F0B2 /* Release */,
			);
			defaultConfigurationIsVisible = 0;
			defaultConfigurationName = Release;
		};
/* End XCConfigurationList section */
	};
	rootObject = 5D010D3929A00AA40091F0B2 /* Project object */;
}
